<?xml version="1.0" encoding="utf-8"?>
<Project ToolsVersion="4.0" xmlns="http://schemas.microsoft.com/developer/msbuild/2003">
  <ItemGroup>
    <Filter Include="Source Files">
      <UniqueIdentifier>{4FC737F1-C7A5-4376-A066-2A32D752A2FF}</UniqueIdentifier>
      <Extensions>cpp;c;cc;cxx;def;odl;idl;hpj;bat;asm;asmx</Extensions>
    </Filter>
    <Filter Include="Header Files">
      <UniqueIdentifier>{93995380-89BD-4b04-88EB-625FBE52EBFB}</UniqueIdentifier>
      <Extensions>h;hh;hpp;hxx;hm;inl;inc;ipp;xsd</Extensions>
    </Filter>
    <Filter Include="Resource Files">
      <UniqueIdentifier>{67DA6AB6-F800-4c08-8B7A-83BB121AAD01}</UniqueIdentifier>
      <Extensions>rc;ico;cur;bmp;dlg;rc2;rct;bin;rgs;gif;jpg;jpeg;jpe;resx;tiff;tif;png;wav;mfcribbon-ms</Extensions>
    </Filter>
    <Filter Include="Lib">
      <UniqueIdentifier>{c83d818b-f141-46c9-8ca0-993d89273ac0}</UniqueIdentifier>
    </Filter>
  </ItemGroup>
  <ItemGroup>
    <ClInclude Include="lib\heap.h">
      <Filter>Lib</Filter>
    </ClInclude>
    <ClInclude Include="lib\queue.h">
      <Filter>Lib</Filter>
    </ClInclude>
    <ClInclude Include="lib\xalloc.h">
      <Filter>Lib</Filter>
    </ClInclude>
    <ClInclude Include="lib\hdict.h">
      <Filter>Lib</Filter>
    </ClInclude>
    <ClInclude Include="board.h">
      <Filter>Source Files</Filter>
    </ClInclude>
  </ItemGroup>
  <ItemGroup>
    <ClCompile Include="lib\queue.c">
      <Filter>Lib</Filter>
    </ClCompile>
    <ClCompile Include="lib\xalloc.c">
      <Filter>Lib</Filter>
    </ClCompile>
    <ClCompile Include="lib\hdict.c">
      <Filter>Lib</Filter>
    </ClCompile>
    <ClCompile Include="lib\heap.c">
      <Filter>Lib</Filter>
    </ClCompile>
    <ClCompile Include="main.c">
      <Filter>Source Files</Filter>
    </ClCompile>
    <ClCompile Include="board.c">
      <Filter>Source Files</Filter>
    </ClCompile>
  </ItemGroup>
</Project>